
Microsoft Visual Studio Solution File, Format Version 12.00
# Visual Studio Version 16
VisualStudioVersion = 16.0.31613.86
MinimumVisualStudioVersion = 10.0.40219.1
Project("{FAE04EC0-301F-11D3-BF4B-00C04F79EFBC}") = "Proyecto_RescueBB", "Proyecto_RescueBB\Proyecto_RescueBB.csproj", "{B0E7685F-A6E7-4DF2-9FE4-E91DECCAB09A}"
EndProject
Global
	GlobalSection(SolutionConfigurationPlatforms) = preSolution
		Debug|Any CPU = Debug|Any CPU
		Release|Any CPU = Release|Any CPU
	EndGlobalSection
	GlobalSection(ProjectConfigurationPlatforms) = postSolution
		{B0E7685F-A6E7-4DF2-9FE4-E91DECCAB09A}.Debug|Any CPU.ActiveCfg = Debug|Any CPU
		{B0E7685F-A6E7-4DF2-9FE4-E91DECCAB09A}.Debug|Any CPU.Build.0 = Debug|Any CPU
		{B0E7685F-A6E7-4DF2-9FE4-E91DECCAB09A}.Release|Any CPU.ActiveCfg = Release|Any CPU
		{B0E7685F-A6E7-4DF2-9FE4-E91DECCAB09A}.Release|Any CPU.Build.0 = Release|Any CPU
	EndGlobalSection
	GlobalSection(SolutionProperties) = preSolution
		HideSolutionNode = FALSE
	EndGlobalSection
	GlobalSection(ExtensibilityGlobals) = postSolution
		SolutionGuid = {94C14842-1859-4D65-8F07-F3F3E961B242}
	EndGlobalSection
EndGlobal
