
Microsoft Visual Studio Solution File, Format Version 12.00
# Visual Studio Version 16
VisualStudioVersion = 16.0.31613.86
MinimumVisualStudioVersion = 10.0.40219.1
Project("{FAE04EC0-301F-11D3-BF4B-00C04F79EFBC}") = "repasobjetos0821", "repasobjetos0821\repasobjetos0821.csproj", "{AF352E6E-2DC3-456E-8A7D-B4BA481EF1BF}"
EndProject
Global
	GlobalSection(SolutionConfigurationPlatforms) = preSolution
		Debug|Any CPU = Debug|Any CPU
		Release|Any CPU = Release|Any CPU
	EndGlobalSection
	GlobalSection(ProjectConfigurationPlatforms) = postSolution
		{AF352E6E-2DC3-456E-8A7D-B4BA481EF1BF}.Debug|Any CPU.ActiveCfg = Debug|Any CPU
		{AF352E6E-2DC3-456E-8A7D-B4BA481EF1BF}.Debug|Any CPU.Build.0 = Debug|Any CPU
		{AF352E6E-2DC3-456E-8A7D-B4BA481EF1BF}.Release|Any CPU.ActiveCfg = Release|Any CPU
		{AF352E6E-2DC3-456E-8A7D-B4BA481EF1BF}.Release|Any CPU.Build.0 = Release|Any CPU
	EndGlobalSection
	GlobalSection(SolutionProperties) = preSolution
		HideSolutionNode = FALSE
	EndGlobalSection
	GlobalSection(ExtensibilityGlobals) = postSolution
		SolutionGuid = {B647DE41-F202-4C2A-9C0E-5BE2253FC79B}
	EndGlobalSection
EndGlobal
