
Microsoft Visual Studio Solution File, Format Version 12.00
# Visual Studio Version 16
VisualStudioVersion = 16.0.31515.178
MinimumVisualStudioVersion = 10.0.40219.1
Project("{FAE04EC0-301F-11D3-BF4B-00C04F79EFBC}") = "AlumnosSQL", "AlumnosSQL\AlumnosSQL.csproj", "{72C87BAE-0FC0-42B2-92C8-38D5CD1A441C}"
EndProject
Global
	GlobalSection(SolutionConfigurationPlatforms) = preSolution
		Debug|Any CPU = Debug|Any CPU
		Release|Any CPU = Release|Any CPU
	EndGlobalSection
	GlobalSection(ProjectConfigurationPlatforms) = postSolution
		{72C87BAE-0FC0-42B2-92C8-38D5CD1A441C}.Debug|Any CPU.ActiveCfg = Debug|Any CPU
		{72C87BAE-0FC0-42B2-92C8-38D5CD1A441C}.Debug|Any CPU.Build.0 = Debug|Any CPU
		{72C87BAE-0FC0-42B2-92C8-38D5CD1A441C}.Release|Any CPU.ActiveCfg = Release|Any CPU
		{72C87BAE-0FC0-42B2-92C8-38D5CD1A441C}.Release|Any CPU.Build.0 = Release|Any CPU
	EndGlobalSection
	GlobalSection(SolutionProperties) = preSolution
		HideSolutionNode = FALSE
	EndGlobalSection
	GlobalSection(ExtensibilityGlobals) = postSolution
		SolutionGuid = {0904585B-F5EE-4132-A934-F1BF921C56C7}
	EndGlobalSection
EndGlobal
