
Microsoft Visual Studio Solution File, Format Version 12.00
# Visual Studio Version 16
VisualStudioVersion = 16.0.31613.86
MinimumVisualStudioVersion = 10.0.40219.1
Project("{FAE04EC0-301F-11D3-BF4B-00C04F79EFBC}") = "Repaso 1 Ejercicio de Objetos", "Repaso 1 Ejercicio de Objetos\Repaso 1 Ejercicio de Objetos.csproj", "{FA64C267-089A-4E42-B47A-0E22A413CC9B}"
EndProject
Global
	GlobalSection(SolutionConfigurationPlatforms) = preSolution
		Debug|Any CPU = Debug|Any CPU
		Release|Any CPU = Release|Any CPU
	EndGlobalSection
	GlobalSection(ProjectConfigurationPlatforms) = postSolution
		{FA64C267-089A-4E42-B47A-0E22A413CC9B}.Debug|Any CPU.ActiveCfg = Debug|Any CPU
		{FA64C267-089A-4E42-B47A-0E22A413CC9B}.Debug|Any CPU.Build.0 = Debug|Any CPU
		{FA64C267-089A-4E42-B47A-0E22A413CC9B}.Release|Any CPU.ActiveCfg = Release|Any CPU
		{FA64C267-089A-4E42-B47A-0E22A413CC9B}.Release|Any CPU.Build.0 = Release|Any CPU
	EndGlobalSection
	GlobalSection(SolutionProperties) = preSolution
		HideSolutionNode = FALSE
	EndGlobalSection
	GlobalSection(ExtensibilityGlobals) = postSolution
		SolutionGuid = {EE42B799-0281-4939-945A-47E54E589D9F}
	EndGlobalSection
EndGlobal
