
Microsoft Visual Studio Solution File, Format Version 12.00
# Visual Studio Version 16
VisualStudioVersion = 16.0.31515.178
MinimumVisualStudioVersion = 10.0.40219.1
Project("{FAE04EC0-301F-11D3-BF4B-00C04F79EFBC}") = "InyeccionSQL-WPF", "InyeccionSQL-WPF\InyeccionSQL-WPF.csproj", "{373D1AB4-23E9-4D25-9249-98E67F3030D7}"
EndProject
Global
	GlobalSection(SolutionConfigurationPlatforms) = preSolution
		Debug|Any CPU = Debug|Any CPU
		Release|Any CPU = Release|Any CPU
	EndGlobalSection
	GlobalSection(ProjectConfigurationPlatforms) = postSolution
		{373D1AB4-23E9-4D25-9249-98E67F3030D7}.Debug|Any CPU.ActiveCfg = Debug|Any CPU
		{373D1AB4-23E9-4D25-9249-98E67F3030D7}.Debug|Any CPU.Build.0 = Debug|Any CPU
		{373D1AB4-23E9-4D25-9249-98E67F3030D7}.Release|Any CPU.ActiveCfg = Release|Any CPU
		{373D1AB4-23E9-4D25-9249-98E67F3030D7}.Release|Any CPU.Build.0 = Release|Any CPU
	EndGlobalSection
	GlobalSection(SolutionProperties) = preSolution
		HideSolutionNode = FALSE
	EndGlobalSection
	GlobalSection(ExtensibilityGlobals) = postSolution
		SolutionGuid = {6D4D0903-BD9D-4B5C-AAA9-71DD17339059}
	EndGlobalSection
EndGlobal
