
Microsoft Visual Studio Solution File, Format Version 12.00
# Visual Studio Version 16
VisualStudioVersion = 16.0.31613.86
MinimumVisualStudioVersion = 10.0.40219.1
Project("{FAE04EC0-301F-11D3-BF4B-00C04F79EFBC}") = "RepasoDeMañanaDia27", "RepasoDeMañanaDia27\RepasoDeMañanaDia27.csproj", "{D22711A8-098D-4E58-87F4-7405AA1F1122}"
EndProject
Global
	GlobalSection(SolutionConfigurationPlatforms) = preSolution
		Debug|Any CPU = Debug|Any CPU
		Release|Any CPU = Release|Any CPU
	EndGlobalSection
	GlobalSection(ProjectConfigurationPlatforms) = postSolution
		{D22711A8-098D-4E58-87F4-7405AA1F1122}.Debug|Any CPU.ActiveCfg = Debug|Any CPU
		{D22711A8-098D-4E58-87F4-7405AA1F1122}.Debug|Any CPU.Build.0 = Debug|Any CPU
		{D22711A8-098D-4E58-87F4-7405AA1F1122}.Release|Any CPU.ActiveCfg = Release|Any CPU
		{D22711A8-098D-4E58-87F4-7405AA1F1122}.Release|Any CPU.Build.0 = Release|Any CPU
	EndGlobalSection
	GlobalSection(SolutionProperties) = preSolution
		HideSolutionNode = FALSE
	EndGlobalSection
	GlobalSection(ExtensibilityGlobals) = postSolution
		SolutionGuid = {D6BB4F24-0D49-4EE1-8674-EF3C06C4CFA4}
	EndGlobalSection
EndGlobal
