
Microsoft Visual Studio Solution File, Format Version 12.00
# Visual Studio Version 16
VisualStudioVersion = 16.0.31613.86
MinimumVisualStudioVersion = 10.0.40219.1
Project("{FAE04EC0-301F-11D3-BF4B-00C04F79EFBC}") = "MiPrimerASP.net", "MiPrimerASP.net\MiPrimerASP.net.csproj", "{04966468-860A-4588-8DC8-C890895F6FC5}"
EndProject
Global
	GlobalSection(SolutionConfigurationPlatforms) = preSolution
		Debug|Any CPU = Debug|Any CPU
		Release|Any CPU = Release|Any CPU
	EndGlobalSection
	GlobalSection(ProjectConfigurationPlatforms) = postSolution
		{04966468-860A-4588-8DC8-C890895F6FC5}.Debug|Any CPU.ActiveCfg = Debug|Any CPU
		{04966468-860A-4588-8DC8-C890895F6FC5}.Debug|Any CPU.Build.0 = Debug|Any CPU
		{04966468-860A-4588-8DC8-C890895F6FC5}.Release|Any CPU.ActiveCfg = Release|Any CPU
		{04966468-860A-4588-8DC8-C890895F6FC5}.Release|Any CPU.Build.0 = Release|Any CPU
	EndGlobalSection
	GlobalSection(SolutionProperties) = preSolution
		HideSolutionNode = FALSE
	EndGlobalSection
	GlobalSection(ExtensibilityGlobals) = postSolution
		SolutionGuid = {CCE02B7A-8A37-433A-AC59-28074726B64F}
	EndGlobalSection
EndGlobal
