
Microsoft Visual Studio Solution File, Format Version 12.00
# Visual Studio Version 16
VisualStudioVersion = 16.0.31613.86
MinimumVisualStudioVersion = 10.0.40219.1
Project("{FAE04EC0-301F-11D3-BF4B-00C04F79EFBC}") = "EjemploRazorMVC", "EjemploRazorMVC\EjemploRazorMVC.csproj", "{C1F85265-DB1D-46EF-B5EE-0689DBF187B0}"
EndProject
Global
	GlobalSection(SolutionConfigurationPlatforms) = preSolution
		Debug|Any CPU = Debug|Any CPU
		Release|Any CPU = Release|Any CPU
	EndGlobalSection
	GlobalSection(ProjectConfigurationPlatforms) = postSolution
		{C1F85265-DB1D-46EF-B5EE-0689DBF187B0}.Debug|Any CPU.ActiveCfg = Debug|Any CPU
		{C1F85265-DB1D-46EF-B5EE-0689DBF187B0}.Debug|Any CPU.Build.0 = Debug|Any CPU
		{C1F85265-DB1D-46EF-B5EE-0689DBF187B0}.Release|Any CPU.ActiveCfg = Release|Any CPU
		{C1F85265-DB1D-46EF-B5EE-0689DBF187B0}.Release|Any CPU.Build.0 = Release|Any CPU
	EndGlobalSection
	GlobalSection(SolutionProperties) = preSolution
		HideSolutionNode = FALSE
	EndGlobalSection
	GlobalSection(ExtensibilityGlobals) = postSolution
		SolutionGuid = {982FAB30-10EE-4523-9FD5-0AFFF6F3D493}
	EndGlobalSection
EndGlobal
