
Microsoft Visual Studio Solution File, Format Version 12.00
# Visual Studio Version 16
VisualStudioVersion = 16.0.31613.86
MinimumVisualStudioVersion = 10.0.40219.1
Project("{FAE04EC0-301F-11D3-BF4B-00C04F79EFBC}") = "ASP_MASTER_PAGE", "ASP_MASTER_PAGE\ASP_MASTER_PAGE.csproj", "{F57C79B7-8234-4286-9A58-4C5ADB4C3190}"
EndProject
Global
	GlobalSection(SolutionConfigurationPlatforms) = preSolution
		Debug|Any CPU = Debug|Any CPU
		Release|Any CPU = Release|Any CPU
	EndGlobalSection
	GlobalSection(ProjectConfigurationPlatforms) = postSolution
		{F57C79B7-8234-4286-9A58-4C5ADB4C3190}.Debug|Any CPU.ActiveCfg = Debug|Any CPU
		{F57C79B7-8234-4286-9A58-4C5ADB4C3190}.Debug|Any CPU.Build.0 = Debug|Any CPU
		{F57C79B7-8234-4286-9A58-4C5ADB4C3190}.Release|Any CPU.ActiveCfg = Release|Any CPU
		{F57C79B7-8234-4286-9A58-4C5ADB4C3190}.Release|Any CPU.Build.0 = Release|Any CPU
	EndGlobalSection
	GlobalSection(SolutionProperties) = preSolution
		HideSolutionNode = FALSE
	EndGlobalSection
	GlobalSection(ExtensibilityGlobals) = postSolution
		SolutionGuid = {F0CB7C17-A0BE-4A53-807F-26AA159C5201}
	EndGlobalSection
EndGlobal
