
Microsoft Visual Studio Solution File, Format Version 12.00
# Visual Studio Version 16
VisualStudioVersion = 16.0.31515.178
MinimumVisualStudioVersion = 10.0.40219.1
Project("{FAE04EC0-301F-11D3-BF4B-00C04F79EFBC}") = "LINQ to SP", "LINQ to SP\LINQ to SP.csproj", "{4879907D-0290-4181-8763-359CFA064498}"
EndProject
Global
	GlobalSection(SolutionConfigurationPlatforms) = preSolution
		Debug|Any CPU = Debug|Any CPU
		Release|Any CPU = Release|Any CPU
	EndGlobalSection
	GlobalSection(ProjectConfigurationPlatforms) = postSolution
		{4879907D-0290-4181-8763-359CFA064498}.Debug|Any CPU.ActiveCfg = Debug|Any CPU
		{4879907D-0290-4181-8763-359CFA064498}.Debug|Any CPU.Build.0 = Debug|Any CPU
		{4879907D-0290-4181-8763-359CFA064498}.Release|Any CPU.ActiveCfg = Release|Any CPU
		{4879907D-0290-4181-8763-359CFA064498}.Release|Any CPU.Build.0 = Release|Any CPU
	EndGlobalSection
	GlobalSection(SolutionProperties) = preSolution
		HideSolutionNode = FALSE
	EndGlobalSection
	GlobalSection(ExtensibilityGlobals) = postSolution
		SolutionGuid = {451F63FA-1DEA-41F8-A2D8-DC636B13A410}
	EndGlobalSection
EndGlobal
